// !$*UTF8*$!
{
	archiveVersion = 1;
	classes = {
	};
	objectVersion = 46;
	objects = {

/* Begin PBXBuildFile section */
		040BC02F1F4B867300D51B87 /* 174.png in Resources */ = {isa = PBXBuildFile; fileRef = 040BC0291F4B867300D51B87 /* 174.png */; };
		040BC0301F4B867300D51B87 /* 156.png in Resources */ = {isa = PBXBuildFile; fileRef = 040BC02A1F4B867300D51B87 /* 156.png */; };
		040BC0311F4B867300D51B87 /* 44.png in Resources */ = {isa = PBXBuildFile; fileRef = 040BC02B1F4B867300D51B87 /* 44.png */; };
		040BC0321F4B867300D51B87 /* 52.png in Resources */ = {isa = PBXBuildFile; fileRef = 040BC02C1F4B867300D51B87 /* 52.png */; };
		040BC0331F4B867300D51B87 /* 36.png in Resources */ = {isa = PBXBuildFile; fileRef = 040BC02D1F4B867300D51B87 /* 36.png */; };
		040BC0341F4B867300D51B87 /* 32.png in Resources */ = {isa = PBXBuildFile; fileRef = 040BC02E1F4B867300D51B87 /* 32.png */; };
		041C79E51F46660200025A20 /* icon_watch.png in Resources */ = {isa = PBXBuildFile; fileRef = 041C79E31F46660200025A20 /* icon_watch.png */; };
		041C79E61F46660200025A20 /* icon.png in Resources */ = {isa = PBXBuildFile; fileRef = 041C79E41F46660200025A20 /* icon.png */; };
		042FD6ED1F467AD100832BF3 /* 20.png in Resources */ = {isa = PBXBuildFile; fileRef = 042FD6E11F467AD100832BF3 /* 20.png */; };
		042FD6EE1F467AD100832BF3 /* 29.png in Resources */ = {isa = PBXBuildFile; fileRef = 042FD6E21F467AD100832BF3 /* 29.png */; };
		042FD6EF1F467AD100832BF3 /* 40.png in Resources */ = {isa = PBXBuildFile; fileRef = 042FD6E31F467AD100832BF3 /* 40.png */; };
		042FD6F01F467AD100832BF3 /* 58.png in Resources */ = {isa = PBXBuildFile; fileRef = 042FD6E41F467AD100832BF3 /* 58.png */; };
		042FD6F11F467AD100832BF3 /* 60.png in Resources */ = {isa = PBXBuildFile; fileRef = 042FD6E51F467AD100832BF3 /* 60.png */; };
		042FD6F21F467AD100832BF3 /* 76.png in Resources */ = {isa = PBXBuildFile; fileRef = 042FD6E61F467AD100832BF3 /* 76.png */; };
		042FD6F31F467AD100832BF3 /* 80.png in Resources */ = {isa = PBXBuildFile; fileRef = 042FD6E71F467AD100832BF3 /* 80.png */; };
		042FD6F41F467AD100832BF3 /* 87.png in Resources */ = {isa = PBXBuildFile; fileRef = 042FD6E81F467AD100832BF3 /* 87.png */; };
		042FD6F51F467AD100832BF3 /* 120.png in Resources */ = {isa = PBXBuildFile; fileRef = 042FD6E91F467AD100832BF3 /* 120.png */; };
		042FD6F61F467AD100832BF3 /* 152.png in Resources */ = {isa = PBXBuildFile; fileRef = 042FD6EA1F467AD100832BF3 /* 152.png */; };
		042FD6F71F467AD100832BF3 /* 167.png in Resources */ = {isa = PBXBuildFile; fileRef = 042FD6EB1F467AD100832BF3 /* 167.png */; };
		042FD6F81F467AD100832BF3 /* 180.png in Resources */ = {isa = PBXBuildFile; fileRef = 042FD6EC1F467AD100832BF3 /* 180.png */; };
		0480A3271F434E8E00A83BAA /* Geeza Pro Regular.ttf in Resources */ = {isa = PBXBuildFile; fileRef = 0480A3261F434E8E00A83BAA /* Geeza Pro Regular.ttf */; };
		0480A3281F43507B00A83BAA /* Geeza Pro Regular.ttf in Resources */ = {isa = PBXBuildFile; fileRef = 0480A3261F434E8E00A83BAA /* Geeza Pro Regular.ttf */; };
		0480A3291F43507B00A83BAA /* Geeza Pro Regular.ttf in Resources */ = {isa = PBXBuildFile; fileRef = 0480A3261F434E8E00A83BAA /* Geeza Pro Regular.ttf */; };
		0480A32A1F43507E00A83BAA /* GeosansLight.ttf in Resources */ = {isa = PBXBuildFile; fileRef = 04EFA5B51F1D0B540007199F /* GeosansLight.ttf */; };
		0480A32B1F43507E00A83BAA /* GeosansLight.ttf in Resources */ = {isa = PBXBuildFile; fileRef = 04EFA5B51F1D0B540007199F /* GeosansLight.ttf */; };
		0480A32C1F43508100A83BAA /* gishabd.ttf in Resources */ = {isa = PBXBuildFile; fileRef = 04EFA5B61F1D0B540007199F /* gishabd.ttf */; };
		0480A32D1F43508200A83BAA /* gishabd.ttf in Resources */ = {isa = PBXBuildFile; fileRef = 04EFA5B61F1D0B540007199F /* gishabd.ttf */; };
		0480A32E1F43508500A83BAA /* CaviarDreams_Bold.ttf in Resources */ = {isa = PBXBuildFile; fileRef = 04EFA5B71F1D0B540007199F /* CaviarDreams_Bold.ttf */; };
		0480A32F1F43508500A83BAA /* CaviarDreams_Bold.ttf in Resources */ = {isa = PBXBuildFile; fileRef = 04EFA5B71F1D0B540007199F /* CaviarDreams_Bold.ttf */; };
		0480A3311F43528000A83BAA /* TableRowController.swift in Sources */ = {isa = PBXBuildFile; fileRef = 0480A3301F43528000A83BAA /* TableRowController.swift */; };
		04842BF71F45F3560006A7A0 /* Geeza Pro Bold.ttf in Resources */ = {isa = PBXBuildFile; fileRef = 04842BF61F45F3560006A7A0 /* Geeza Pro Bold.ttf */; };
		04842BF81F45F60A0006A7A0 /* Geeza Pro Bold.ttf in Resources */ = {isa = PBXBuildFile; fileRef = 04842BF61F45F3560006A7A0 /* Geeza Pro Bold.ttf */; };
		04842BF91F45F60B0006A7A0 /* Geeza Pro Bold.ttf in Resources */ = {isa = PBXBuildFile; fileRef = 04842BF61F45F3560006A7A0 /* Geeza Pro Bold.ttf */; };
		04842BFA1F45F9800006A7A0 /* logo.png in Resources */ = {isa = PBXBuildFile; fileRef = 04EFA5B11F1D08AB0007199F /* logo.png */; };
		04842BFB1F45F9810006A7A0 /* logo.png in Resources */ = {isa = PBXBuildFile; fileRef = 04EFA5B11F1D08AB0007199F /* logo.png */; };
		04842BFD1F4621A60006A7A0 /* WorkoutController.swift in Sources */ = {isa = PBXBuildFile; fileRef = 04842BFC1F4621A60006A7A0 /* WorkoutController.swift */; };
		04ACED0C1F3CB22C00E482FD /* InfoView.swift in Sources */ = {isa = PBXBuildFile; fileRef = 04ACED071F3CB22C00E482FD /* InfoView.swift */; };
		04ACED0D1F3CB22C00E482FD /* Shared.swift in Sources */ = {isa = PBXBuildFile; fileRef = 04ACED081F3CB22C00E482FD /* Shared.swift */; };
		04ACED0E1F3CB22C00E482FD /* TableViewController.swift in Sources */ = {isa = PBXBuildFile; fileRef = 04ACED091F3CB22C00E482FD /* TableViewController.swift */; };
		04ACED0F1F3CB22C00E482FD /* EditView.swift in Sources */ = {isa = PBXBuildFile; fileRef = 04ACED0A1F3CB22C00E482FD /* EditView.swift */; };
		04ACED101F3CB22C00E482FD /* WorkoutsView.swift in Sources */ = {isa = PBXBuildFile; fileRef = 04ACED0B1F3CB22C00E482FD /* WorkoutsView.swift */; };
		04EFA5761F1D04230007199F /* AppDelegate.swift in Sources */ = {isa = PBXBuildFile; fileRef = 04EFA5751F1D04230007199F /* AppDelegate.swift */; };
		04EFA5781F1D04230007199F /* ViewController.swift in Sources */ = {isa = PBXBuildFile; fileRef = 04EFA5771F1D04230007199F /* ViewController.swift */; };
		04EFA57D1F1D04240007199F /* Assets.xcassets in Resources */ = {isa = PBXBuildFile; fileRef = 04EFA57C1F1D04240007199F /* Assets.xcassets */; };
		04EFA5851F1D04240007199F /* igMadWorkout WatchKit App.app in Embed Watch Content */ = {isa = PBXBuildFile; fileRef = 04EFA5841F1D04240007199F /* igMadWorkout WatchKit App.app */; };
		04EFA58B1F1D04240007199F /* Interface.storyboard in Resources */ = {isa = PBXBuildFile; fileRef = 04EFA5891F1D04240007199F /* Interface.storyboard */; };
		04EFA58D1F1D04240007199F /* Assets.xcassets in Resources */ = {isa = PBXBuildFile; fileRef = 04EFA58C1F1D04240007199F /* Assets.xcassets */; };
		04EFA5941F1D04240007199F /* igMadWorkout WatchKit Extension.appex in Embed App Extensions */ = {isa = PBXBuildFile; fileRef = 04EFA5931F1D04240007199F /* igMadWorkout WatchKit Extension.appex */; settings = {ATTRIBUTES = (RemoveHeadersOnCopy, ); }; };
		04EFA5991F1D04240007199F /* InterfaceController.swift in Sources */ = {isa = PBXBuildFile; fileRef = 04EFA5981F1D04240007199F /* InterfaceController.swift */; };
		04EFA59B1F1D04240007199F /* ExtensionDelegate.swift in Sources */ = {isa = PBXBuildFile; fileRef = 04EFA59A1F1D04240007199F /* ExtensionDelegate.swift */; };
		04EFA59D1F1D04240007199F /* Assets.xcassets in Resources */ = {isa = PBXBuildFile; fileRef = 04EFA59C1F1D04240007199F /* Assets.xcassets */; };
		04EFA5AE1F1D06BF0007199F /* LaunchScreen.storyboard in Resources */ = {isa = PBXBuildFile; fileRef = 04EFA5AC1F1D06BF0007199F /* LaunchScreen.storyboard */; };
		04EFA5AF1F1D06BF0007199F /* Main.storyboard in Resources */ = {isa = PBXBuildFile; fileRef = 04EFA5AD1F1D06BF0007199F /* Main.storyboard */; };
		04EFA5B21F1D08AB0007199F /* logo.png in Resources */ = {isa = PBXBuildFile; fileRef = 04EFA5B11F1D08AB0007199F /* logo.png */; };
		04EFA5B81F1D0B540007199F /* GeosansLight.ttf in Resources */ = {isa = PBXBuildFile; fileRef = 04EFA5B51F1D0B540007199F /* GeosansLight.ttf */; };
		04EFA5B91F1D0B540007199F /* gishabd.ttf in Resources */ = {isa = PBXBuildFile; fileRef = 04EFA5B61F1D0B540007199F /* gishabd.ttf */; };
		04EFA5BA1F1D0B540007199F /* CaviarDreams_Bold.ttf in Resources */ = {isa = PBXBuildFile; fileRef = 04EFA5B71F1D0B540007199F /* CaviarDreams_Bold.ttf */; };
		04F179671F4C7A5100FDF13B /* 196.png in Resources */ = {isa = PBXBuildFile; fileRef = 04F179631F4C7A5100FDF13B /* 196.png */; };
		04F179681F4C7A5100FDF13B /* 172.png in Resources */ = {isa = PBXBuildFile; fileRef = 04F179641F4C7A5100FDF13B /* 172.png */; };
		04F179691F4C7A5100FDF13B /* 55.png in Resources */ = {isa = PBXBuildFile; fileRef = 04F179651F4C7A5100FDF13B /* 55.png */; };
		04F1796A1F4C7A5100FDF13B /* 48.png in Resources */ = {isa = PBXBuildFile; fileRef = 04F179661F4C7A5100FDF13B /* 48.png */; };
		04F1796C1F4C845300FDF13B /* geeza_pro_bold.otf in Resources */ = {isa = PBXBuildFile; fileRef = 04F1796B1F4C845300FDF13B /* geeza_pro_bold.otf */; };
		04F179701F4C8B4B00FDF13B /* geeza_pro_bold.otf in Resources */ = {isa = PBXBuildFile; fileRef = 04F1796B1F4C845300FDF13B /* geeza_pro_bold.otf */; };
		04F179711F4C8B4B00FDF13B /* geeza_pro_bold.otf in Resources */ = {isa = PBXBuildFile; fileRef = 04F1796B1F4C845300FDF13B /* geeza_pro_bold.otf */; };
/* End PBXBuildFile section */

/* Begin PBXContainerItemProxy section */
		04EFA5861F1D04240007199F /* PBXContainerItemProxy */ = {
			isa = PBXContainerItemProxy;
			containerPortal = 04EFA56A1F1D04230007199F /* Project object */;
			proxyType = 1;
			remoteGlobalIDString = 04EFA5831F1D04240007199F;
			remoteInfo = "igMadWorkout WatchKit App";
		};
		04EFA5951F1D04240007199F /* PBXContainerItemProxy */ = {
			isa = PBXContainerItemProxy;
			containerPortal = 04EFA56A1F1D04230007199F /* Project object */;
			proxyType = 1;
			remoteGlobalIDString = 04EFA5921F1D04240007199F;
			remoteInfo = "igMadWorkout WatchKit Extension";
		};
/* End PBXContainerItemProxy section */

/* Begin PBXCopyFilesBuildPhase section */
		04EFA5A41F1D04240007199F /* Embed App Extensions */ = {
			isa = PBXCopyFilesBuildPhase;
			buildActionMask = 2147483647;
			dstPath = "";
			dstSubfolderSpec = 13;
			files = (
				04EFA5941F1D04240007199F /* igMadWorkout WatchKit Extension.appex in Embed App Extensions */,
			);
			name = "Embed App Extensions";
			runOnlyForDeploymentPostprocessing = 0;
		};
		04EFA5A81F1D04240007199F /* Embed Watch Content */ = {
			isa = PBXCopyFilesBuildPhase;
			buildActionMask = 2147483647;
			dstPath = "$(CONTENTS_FOLDER_PATH)/Watch";
			dstSubfolderSpec = 16;
			files = (
				04EFA5851F1D04240007199F /* igMadWorkout WatchKit App.app in Embed Watch Content */,
			);
			name = "Embed Watch Content";
			runOnlyForDeploymentPostprocessing = 0;
		};
/* End PBXCopyFilesBuildPhase section */

/* Begin PBXFileReference section */
		040BC0291F4B867300D51B87 /* 174.png */ = {isa = PBXFileReference; lastKnownFileType = image.png; name = 174.png; path = icons/174.png; sourceTree = "<group>"; };
		040BC02A1F4B867300D51B87 /* 156.png */ = {isa = PBXFileReference; lastKnownFileType = image.png; name = 156.png; path = icons/156.png; sourceTree = "<group>"; };
		040BC02B1F4B867300D51B87 /* 44.png */ = {isa = PBXFileReference; lastKnownFileType = image.png; name = 44.png; path = icons/44.png; sourceTree = "<group>"; };
		040BC02C1F4B867300D51B87 /* 52.png */ = {isa = PBXFileReference; lastKnownFileType = image.png; name = 52.png; path = icons/52.png; sourceTree = "<group>"; };
		040BC02D1F4B867300D51B87 /* 36.png */ = {isa = PBXFileReference; lastKnownFileType = image.png; name = 36.png; path = icons/36.png; sourceTree = "<group>"; };
		040BC02E1F4B867300D51B87 /* 32.png */ = {isa = PBXFileReference; lastKnownFileType = image.png; name = 32.png; path = icons/32.png; sourceTree = "<group>"; };
		041C79E31F46660200025A20 /* icon_watch.png */ = {isa = PBXFileReference; lastKnownFileType = image.png; path = icon_watch.png; sourceTree = "<group>"; };
		041C79E41F46660200025A20 /* icon.png */ = {isa = PBXFileReference; lastKnownFileType = image.png; path = icon.png; sourceTree = "<group>"; };
		042FD6E11F467AD100832BF3 /* 20.png */ = {isa = PBXFileReference; lastKnownFileType = image.png; name = 20.png; path = icons/20.png; sourceTree = "<group>"; };
		042FD6E21F467AD100832BF3 /* 29.png */ = {isa = PBXFileReference; lastKnownFileType = image.png; name = 29.png; path = icons/29.png; sourceTree = "<group>"; };
		042FD6E31F467AD100832BF3 /* 40.png */ = {isa = PBXFileReference; lastKnownFileType = image.png; name = 40.png; path = icons/40.png; sourceTree = "<group>"; };
		042FD6E41F467AD100832BF3 /* 58.png */ = {isa = PBXFileReference; lastKnownFileType = image.png; name = 58.png; path = icons/58.png; sourceTree = "<group>"; };
		042FD6E51F467AD100832BF3 /* 60.png */ = {isa = PBXFileReference; lastKnownFileType = image.png; name = 60.png; path = icons/60.png; sourceTree = "<group>"; };
		042FD6E61F467AD100832BF3 /* 76.png */ = {isa = PBXFileReference; lastKnownFileType = image.png; name = 76.png; path = icons/76.png; sourceTree = "<group>"; };
		042FD6E71F467AD100832BF3 /* 80.png */ = {isa = PBXFileReference; lastKnownFileType = image.png; name = 80.png; path = icons/80.png; sourceTree = "<group>"; };
		042FD6E81F467AD100832BF3 /* 87.png */ = {isa = PBXFileReference; lastKnownFileType = image.png; name = 87.png; path = icons/87.png; sourceTree = "<group>"; };
		042FD6E91F467AD100832BF3 /* 120.png */ = {isa = PBXFileReference; lastKnownFileType = image.png; name = 120.png; path = icons/120.png; sourceTree = "<group>"; };
		042FD6EA1F467AD100832BF3 /* 152.png */ = {isa = PBXFileReference; lastKnownFileType = image.png; name = 152.png; path = icons/152.png; sourceTree = "<group>"; };
		042FD6EB1F467AD100832BF3 /* 167.png */ = {isa = PBXFileReference; lastKnownFileType = image.png; name = 167.png; path = icons/167.png; sourceTree = "<group>"; };
		042FD6EC1F467AD100832BF3 /* 180.png */ = {isa = PBXFileReference; lastKnownFileType = image.png; name = 180.png; path = icons/180.png; sourceTree = "<group>"; };
		0480A3261F434E8E00A83BAA /* Geeza Pro Regular.ttf */ = {isa = PBXFileReference; lastKnownFileType = file; path = "Geeza Pro Regular.ttf"; sourceTree = "<group>"; };
		0480A3301F43528000A83BAA /* TableRowController.swift */ = {isa = PBXFileReference; fileEncoding = 4; lastKnownFileType = sourcecode.swift; path = TableRowController.swift; sourceTree = "<group>"; };
		04842BF61F45F3560006A7A0 /* Geeza Pro Bold.ttf */ = {isa = PBXFileReference; lastKnownFileType = file; path = "Geeza Pro Bold.ttf"; sourceTree = "<group>"; };
		04842BFC1F4621A60006A7A0 /* WorkoutController.swift */ = {isa = PBXFileReference; fileEncoding = 4; lastKnownFileType = sourcecode.swift; path = WorkoutController.swift; sourceTree = "<group>"; };
		04ACED071F3CB22C00E482FD /* InfoView.swift */ = {isa = PBXFileReference; fileEncoding = 4; lastKnownFileType = sourcecode.swift; path = InfoView.swift; sourceTree = "<group>"; };
		04ACED081F3CB22C00E482FD /* Shared.swift */ = {isa = PBXFileReference; fileEncoding = 4; lastKnownFileType = sourcecode.swift; path = Shared.swift; sourceTree = "<group>"; };
		04ACED091F3CB22C00E482FD /* TableViewController.swift */ = {isa = PBXFileReference; fileEncoding = 4; lastKnownFileType = sourcecode.swift; path = TableViewController.swift; sourceTree = "<group>"; };
		04ACED0A1F3CB22C00E482FD /* EditView.swift */ = {isa = PBXFileReference; fileEncoding = 4; lastKnownFileType = sourcecode.swift; path = EditView.swift; sourceTree = "<group>"; };
		04ACED0B1F3CB22C00E482FD /* WorkoutsView.swift */ = {isa = PBXFileReference; fileEncoding = 4; lastKnownFileType = sourcecode.swift; path = WorkoutsView.swift; sourceTree = "<group>"; };
		04EFA5721F1D04230007199F /* igMadWorkout.app */ = {isa = PBXFileReference; explicitFileType = wrapper.application; includeInIndex = 0; path = igMadWorkout.app; sourceTree = BUILT_PRODUCTS_DIR; };
		04EFA5751F1D04230007199F /* AppDelegate.swift */ = {isa = PBXFileReference; lastKnownFileType = sourcecode.swift; path = AppDelegate.swift; sourceTree = "<group>"; };
		04EFA5771F1D04230007199F /* ViewController.swift */ = {isa = PBXFileReference; lastKnownFileType = sourcecode.swift; path = ViewController.swift; sourceTree = "<group>"; };
		04EFA57C1F1D04240007199F /* Assets.xcassets */ = {isa = PBXFileReference; lastKnownFileType = folder.assetcatalog; path = Assets.xcassets; sourceTree = "<group>"; };
		04EFA5811F1D04240007199F /* Info.plist */ = {isa = PBXFileReference; lastKnownFileType = text.plist.xml; path = Info.plist; sourceTree = "<group>"; };
		04EFA5841F1D04240007199F /* igMadWorkout WatchKit App.app */ = {isa = PBXFileReference; explicitFileType = wrapper.application; includeInIndex = 0; path = "igMadWorkout WatchKit App.app"; sourceTree = BUILT_PRODUCTS_DIR; };
		04EFA58A1F1D04240007199F /* Base */ = {isa = PBXFileReference; lastKnownFileType = file.storyboard; name = Base; path = Base.lproj/Interface.storyboard; sourceTree = "<group>"; };
		04EFA58C1F1D04240007199F /* Assets.xcassets */ = {isa = PBXFileReference; lastKnownFileType = folder.assetcatalog; path = Assets.xcassets; sourceTree = "<group>"; };
		04EFA58E1F1D04240007199F /* Info.plist */ = {isa = PBXFileReference; lastKnownFileType = text.plist.xml; path = Info.plist; sourceTree = "<group>"; };
		04EFA5931F1D04240007199F /* igMadWorkout WatchKit Extension.appex */ = {isa = PBXFileReference; explicitFileType = "wrapper.app-extension"; includeInIndex = 0; path = "igMadWorkout WatchKit Extension.appex"; sourceTree = BUILT_PRODUCTS_DIR; };
		04EFA5981F1D04240007199F /* InterfaceController.swift */ = {isa = PBXFileReference; lastKnownFileType = sourcecode.swift; path = InterfaceController.swift; sourceTree = "<group>"; };
		04EFA59A1F1D04240007199F /* ExtensionDelegate.swift */ = {isa = PBXFileReference; lastKnownFileType = sourcecode.swift; path = ExtensionDelegate.swift; sourceTree = "<group>"; };
		04EFA59C1F1D04240007199F /* Assets.xcassets */ = {isa = PBXFileReference; lastKnownFileType = folder.assetcatalog; path = Assets.xcassets; sourceTree = "<group>"; };
		04EFA59E1F1D04240007199F /* Info.plist */ = {isa = PBXFileReference; lastKnownFileType = text.plist.xml; path = Info.plist; sourceTree = "<group>"; };
		04EFA5AC1F1D06BF0007199F /* LaunchScreen.storyboard */ = {isa = PBXFileReference; fileEncoding = 4; lastKnownFileType = file.storyboard; path = LaunchScreen.storyboard; sourceTree = "<group>"; };
		04EFA5AD1F1D06BF0007199F /* Main.storyboard */ = {isa = PBXFileReference; fileEncoding = 4; lastKnownFileType = file.storyboard; path = Main.storyboard; sourceTree = "<group>"; };
		04EFA5B11F1D08AB0007199F /* logo.png */ = {isa = PBXFileReference; lastKnownFileType = image.png; path = logo.png; sourceTree = "<group>"; };
		04EFA5B51F1D0B540007199F /* GeosansLight.ttf */ = {isa = PBXFileReference; lastKnownFileType = file; path = GeosansLight.ttf; sourceTree = "<group>"; };
		04EFA5B61F1D0B540007199F /* gishabd.ttf */ = {isa = PBXFileReference; lastKnownFileType = file; path = gishabd.ttf; sourceTree = "<group>"; };
		04EFA5B71F1D0B540007199F /* CaviarDreams_Bold.ttf */ = {isa = PBXFileReference; lastKnownFileType = file; path = CaviarDreams_Bold.ttf; sourceTree = "<group>"; };
		04F179631F4C7A5100FDF13B /* 196.png */ = {isa = PBXFileReference; lastKnownFileType = image.png; name = 196.png; path = icons/196.png; sourceTree = "<group>"; };
		04F179641F4C7A5100FDF13B /* 172.png */ = {isa = PBXFileReference; lastKnownFileType = image.png; name = 172.png; path = icons/172.png; sourceTree = "<group>"; };
		04F179651F4C7A5100FDF13B /* 55.png */ = {isa = PBXFileReference; lastKnownFileType = image.png; name = 55.png; path = icons/55.png; sourceTree = "<group>"; };
		04F179661F4C7A5100FDF13B /* 48.png */ = {isa = PBXFileReference; lastKnownFileType = image.png; name = 48.png; path = icons/48.png; sourceTree = "<group>"; };
		04F1796B1F4C845300FDF13B /* geeza_pro_bold.otf */ = {isa = PBXFileReference; lastKnownFileType = file; path = geeza_pro_bold.otf; sourceTree = "<group>"; };
/* End PBXFileReference section */

/* Begin PBXFrameworksBuildPhase section */
		04EFA56F1F1D04230007199F /* Frameworks */ = {
			isa = PBXFrameworksBuildPhase;
			buildActionMask = 2147483647;
			files = (
			);
			runOnlyForDeploymentPostprocessing = 0;
		};
		04EFA5901F1D04240007199F /* Frameworks */ = {
			isa = PBXFrameworksBuildPhase;
			buildActionMask = 2147483647;
			files = (
			);
			runOnlyForDeploymentPostprocessing = 0;
		};
/* End PBXFrameworksBuildPhase section */

/* Begin PBXGroup section */
		042FD6DE1F467AA700832BF3 /* iconss */ = {
			isa = PBXGroup;
			children = (
				04F179631F4C7A5100FDF13B /* 196.png */,
				04F179641F4C7A5100FDF13B /* 172.png */,
				04F179651F4C7A5100FDF13B /* 55.png */,
				04F179661F4C7A5100FDF13B /* 48.png */,
				040BC0291F4B867300D51B87 /* 174.png */,
				040BC02A1F4B867300D51B87 /* 156.png */,
				040BC02B1F4B867300D51B87 /* 44.png */,
				040BC02C1F4B867300D51B87 /* 52.png */,
				040BC02D1F4B867300D51B87 /* 36.png */,
				040BC02E1F4B867300D51B87 /* 32.png */,
				042FD6E11F467AD100832BF3 /* 20.png */,
				042FD6E21F467AD100832BF3 /* 29.png */,
				042FD6E31F467AD100832BF3 /* 40.png */,
				042FD6E41F467AD100832BF3 /* 58.png */,
				042FD6E51F467AD100832BF3 /* 60.png */,
				042FD6E61F467AD100832BF3 /* 76.png */,
				042FD6E71F467AD100832BF3 /* 80.png */,
				042FD6E81F467AD100832BF3 /* 87.png */,
				042FD6E91F467AD100832BF3 /* 120.png */,
				042FD6EA1F467AD100832BF3 /* 152.png */,
				042FD6EB1F467AD100832BF3 /* 167.png */,
				042FD6EC1F467AD100832BF3 /* 180.png */,
			);
			name = iconss;
			sourceTree = "<group>";
		};
		04EFA5691F1D04230007199F = {
			isa = PBXGroup;
			children = (
				04EFA5741F1D04230007199F /* igMadWorkout */,
				04EFA5881F1D04240007199F /* igMadWorkout WatchKit App */,
				04EFA5971F1D04240007199F /* igMadWorkout WatchKit Extension */,
				04EFA5731F1D04230007199F /* Products */,
			);
			sourceTree = "<group>";
		};
		04EFA5731F1D04230007199F /* Products */ = {
			isa = PBXGroup;
			children = (
				04EFA5721F1D04230007199F /* igMadWorkout.app */,
				04EFA5841F1D04240007199F /* igMadWorkout WatchKit App.app */,
				04EFA5931F1D04240007199F /* igMadWorkout WatchKit Extension.appex */,
			);
			name = Products;
			sourceTree = "<group>";
		};
		04EFA5741F1D04230007199F /* igMadWorkout */ = {
			isa = PBXGroup;
			children = (
				042FD6DE1F467AA700832BF3 /* iconss */,
				04EFA5B41F1D0B450007199F /* fonts */,
				04EFA5B01F1D089C0007199F /* images */,
				04EFA5751F1D04230007199F /* AppDelegate.swift */,
				04EFA5771F1D04230007199F /* ViewController.swift */,
				04EFA5AC1F1D06BF0007199F /* LaunchScreen.storyboard */,
				04EFA5AD1F1D06BF0007199F /* Main.storyboard */,
				04ACED071F3CB22C00E482FD /* InfoView.swift */,
				04ACED081F3CB22C00E482FD /* Shared.swift */,
				04ACED091F3CB22C00E482FD /* TableViewController.swift */,
				04ACED0A1F3CB22C00E482FD /* EditView.swift */,
				04ACED0B1F3CB22C00E482FD /* WorkoutsView.swift */,
				04EFA57C1F1D04240007199F /* Assets.xcassets */,
				04EFA5811F1D04240007199F /* Info.plist */,
			);
			path = igMadWorkout;
			sourceTree = "<group>";
		};
		04EFA5881F1D04240007199F /* igMadWorkout WatchKit App */ = {
			isa = PBXGroup;
			children = (
				04EFA5891F1D04240007199F /* Interface.storyboard */,
				04EFA58C1F1D04240007199F /* Assets.xcassets */,
				04EFA58E1F1D04240007199F /* Info.plist */,
			);
			path = "igMadWorkout WatchKit App";
			sourceTree = "<group>";
		};
		04EFA5971F1D04240007199F /* igMadWorkout WatchKit Extension */ = {
			isa = PBXGroup;
			children = (
				04EFA5981F1D04240007199F /* InterfaceController.swift */,
				04EFA59A1F1D04240007199F /* ExtensionDelegate.swift */,
				04EFA59C1F1D04240007199F /* Assets.xcassets */,
				04EFA59E1F1D04240007199F /* Info.plist */,
				0480A3301F43528000A83BAA /* TableRowController.swift */,
				04842BFC1F4621A60006A7A0 /* WorkoutController.swift */,
			);
			path = "igMadWorkout WatchKit Extension";
			sourceTree = "<group>";
		};
		04EFA5B01F1D089C0007199F /* images */ = {
			isa = PBXGroup;
			children = (
				041C79E31F46660200025A20 /* icon_watch.png */,
				041C79E41F46660200025A20 /* icon.png */,
				04EFA5B11F1D08AB0007199F /* logo.png */,
			);
			name = images;
			sourceTree = "<group>";
		};
		04EFA5B41F1D0B450007199F /* fonts */ = {
			isa = PBXGroup;
			children = (
				04842BF61F45F3560006A7A0 /* Geeza Pro Bold.ttf */,
				04F1796B1F4C845300FDF13B /* geeza_pro_bold.otf */,
				0480A3261F434E8E00A83BAA /* Geeza Pro Regular.ttf */,
				04EFA5B51F1D0B540007199F /* GeosansLight.ttf */,
				04EFA5B61F1D0B540007199F /* gishabd.ttf */,
				04EFA5B71F1D0B540007199F /* CaviarDreams_Bold.ttf */,
			);
			name = fonts;
			sourceTree = "<group>";
		};
/* End PBXGroup section */

/* Begin PBXNativeTarget section */
		04EFA5711F1D04230007199F /* igMadWorkout */ = {
			isa = PBXNativeTarget;
			buildConfigurationList = 04EFA5A91F1D04240007199F /* Build configuration list for PBXNativeTarget "igMadWorkout" */;
			buildPhases = (
				04EFA56E1F1D04230007199F /* Sources */,
				04EFA56F1F1D04230007199F /* Frameworks */,
				04EFA5701F1D04230007199F /* Resources */,
				04EFA5A81F1D04240007199F /* Embed Watch Content */,
			);
			buildRules = (
			);
			dependencies = (
				04EFA5871F1D04240007199F /* PBXTargetDependency */,
			);
			name = igMadWorkout;
			productName = igMadWorkout;
			productReference = 04EFA5721F1D04230007199F /* igMadWorkout.app */;
			productType = "com.apple.product-type.application";
		};
		04EFA5831F1D04240007199F /* igMadWorkout WatchKit App */ = {
			isa = PBXNativeTarget;
			buildConfigurationList = 04EFA5A51F1D04240007199F /* Build configuration list for PBXNativeTarget "igMadWorkout WatchKit App" */;
			buildPhases = (
				04EFA5821F1D04240007199F /* Resources */,
				04EFA5A41F1D04240007199F /* Embed App Extensions */,
			);
			buildRules = (
			);
			dependencies = (
				04EFA5961F1D04240007199F /* PBXTargetDependency */,
			);
			name = "igMadWorkout WatchKit App";
			productName = "igMadWorkout WatchKit App";
			productReference = 04EFA5841F1D04240007199F /* igMadWorkout WatchKit App.app */;
			productType = "com.apple.product-type.application.watchapp2";
		};
		04EFA5921F1D04240007199F /* igMadWorkout WatchKit Extension */ = {
			isa = PBXNativeTarget;
			buildConfigurationList = 04EFA5A11F1D04240007199F /* Build configuration list for PBXNativeTarget "igMadWorkout WatchKit Extension" */;
			buildPhases = (
				04EFA58F1F1D04240007199F /* Sources */,
				04EFA5901F1D04240007199F /* Frameworks */,
				04EFA5911F1D04240007199F /* Resources */,
			);
			buildRules = (
			);
			dependencies = (
			);
			name = "igMadWorkout WatchKit Extension";
			productName = "igMadWorkout WatchKit Extension";
			productReference = 04EFA5931F1D04240007199F /* igMadWorkout WatchKit Extension.appex */;
			productType = "com.apple.product-type.watchkit2-extension";
		};
/* End PBXNativeTarget section */

/* Begin PBXProject section */
		04EFA56A1F1D04230007199F /* Project object */ = {
			isa = PBXProject;
			attributes = {
				LastSwiftUpdateCheck = 0830;
				LastUpgradeCheck = 0830;
				ORGANIZATIONNAME = "Sabrina Ouldyounes";
				TargetAttributes = {
					04EFA5711F1D04230007199F = {
						CreatedOnToolsVersion = 8.3.3;
						ProvisioningStyle = Automatic;
					};
					04EFA5831F1D04240007199F = {
						CreatedOnToolsVersion = 8.3.3;
						ProvisioningStyle = Automatic;
					};
					04EFA5921F1D04240007199F = {
						CreatedOnToolsVersion = 8.3.3;
						ProvisioningStyle = Automatic;
					};
				};
			};
			buildConfigurationList = 04EFA56D1F1D04230007199F /* Build configuration list for PBXProject "igMadWorkout" */;
			compatibilityVersion = "Xcode 3.2";
			developmentRegion = English;
			hasScannedForEncodings = 0;
			knownRegions = (
				en,
				Base,
			);
			mainGroup = 04EFA5691F1D04230007199F;
			productRefGroup = 04EFA5731F1D04230007199F /* Products */;
			projectDirPath = "";
			projectRoot = "";
			targets = (
				04EFA5711F1D04230007199F /* igMadWorkout */,
				04EFA5831F1D04240007199F /* igMadWorkout WatchKit App */,
				04EFA5921F1D04240007199F /* igMadWorkout WatchKit Extension */,
			);
		};
/* End PBXProject section */

/* Begin PBXResourcesBuildPhase section */
		04EFA5701F1D04230007199F /* Resources */ = {
			isa = PBXResourcesBuildPhase;
			buildActionMask = 2147483647;
			files = (
				042FD6F71F467AD100832BF3 /* 167.png in Resources */,
				040BC0321F4B867300D51B87 /* 52.png in Resources */,
				040BC0331F4B867300D51B87 /* 36.png in Resources */,
				04F1796C1F4C845300FDF13B /* geeza_pro_bold.otf in Resources */,
				04F179691F4C7A5100FDF13B /* 55.png in Resources */,
				042FD6EE1F467AD100832BF3 /* 29.png in Resources */,
				042FD6F51F467AD100832BF3 /* 120.png in Resources */,
				042FD6F01F467AD100832BF3 /* 58.png in Resources */,
				042FD6F61F467AD100832BF3 /* 152.png in Resources */,
				040BC0301F4B867300D51B87 /* 156.png in Resources */,
				04F1796A1F4C7A5100FDF13B /* 48.png in Resources */,
				04842BF71F45F3560006A7A0 /* Geeza Pro Bold.ttf in Resources */,
				040BC02F1F4B867300D51B87 /* 174.png in Resources */,
				0480A3271F434E8E00A83BAA /* Geeza Pro Regular.ttf in Resources */,
				042FD6F31F467AD100832BF3 /* 80.png in Resources */,
				04F179671F4C7A5100FDF13B /* 196.png in Resources */,
				041C79E51F46660200025A20 /* icon_watch.png in Resources */,
				04EFA5AF1F1D06BF0007199F /* Main.storyboard in Resources */,
				042FD6F41F467AD100832BF3 /* 87.png in Resources */,
				040BC0311F4B867300D51B87 /* 44.png in Resources */,
				04F179681F4C7A5100FDF13B /* 172.png in Resources */,
				042FD6F11F467AD100832BF3 /* 60.png in Resources */,
				04EFA5B21F1D08AB0007199F /* logo.png in Resources */,
				04EFA5BA1F1D0B540007199F /* CaviarDreams_Bold.ttf in Resources */,
				042FD6F81F467AD100832BF3 /* 180.png in Resources */,
				042FD6ED1F467AD100832BF3 /* 20.png in Resources */,
				041C79E61F46660200025A20 /* icon.png in Resources */,
				042FD6F21F467AD100832BF3 /* 76.png in Resources */,
				04EFA5B81F1D0B540007199F /* GeosansLight.ttf in Resources */,
				040BC0341F4B867300D51B87 /* 32.png in Resources */,
				04EFA5AE1F1D06BF0007199F /* LaunchScreen.storyboard in Resources */,
				042FD6EF1F467AD100832BF3 /* 40.png in Resources */,
				04EFA57D1F1D04240007199F /* Assets.xcassets in Resources */,
				04EFA5B91F1D0B540007199F /* gishabd.ttf in Resources */,
			);
			runOnlyForDeploymentPostprocessing = 0;
		};
		04EFA5821F1D04240007199F /* Resources */ = {
			isa = PBXResourcesBuildPhase;
			buildActionMask = 2147483647;
			files = (
				0480A32A1F43507E00A83BAA /* GeosansLight.ttf in Resources */,
				04842BF81F45F60A0006A7A0 /* Geeza Pro Bold.ttf in Resources */,
				0480A3281F43507B00A83BAA /* Geeza Pro Regular.ttf in Resources */,
				04F179701F4C8B4B00FDF13B /* geeza_pro_bold.otf in Resources */,
				04EFA58D1F1D04240007199F /* Assets.xcassets in Resources */,
				04842BFA1F45F9800006A7A0 /* logo.png in Resources */,
				0480A32E1F43508500A83BAA /* CaviarDreams_Bold.ttf in Resources */,
				04EFA58B1F1D04240007199F /* Interface.storyboard in Resources */,
				0480A32C1F43508100A83BAA /* gishabd.ttf in Resources */,
			);
			runOnlyForDeploymentPostprocessing = 0;
		};
		04EFA5911F1D04240007199F /* Resources */ = {
			isa = PBXResourcesBuildPhase;
			buildActionMask = 2147483647;
			files = (
				04842BF91F45F60B0006A7A0 /* Geeza Pro Bold.ttf in Resources */,
				0480A32B1F43507E00A83BAA /* GeosansLight.ttf in Resources */,
				0480A32D1F43508200A83BAA /* gishabd.ttf in Resources */,
				0480A32F1F43508500A83BAA /* CaviarDreams_Bold.ttf in Resources */,
				04842BFB1F45F9810006A7A0 /* logo.png in Resources */,
				04F179711F4C8B4B00FDF13B /* geeza_pro_bold.otf in Resources */,
				0480A3291F43507B00A83BAA /* Geeza Pro Regular.ttf in Resources */,
				04EFA59D1F1D04240007199F /* Assets.xcassets in Resources */,
			);
			runOnlyForDeploymentPostprocessing = 0;
		};
/* End PBXResourcesBuildPhase section */

/* Begin PBXSourcesBuildPhase section */
		04EFA56E1F1D04230007199F /* Sources */ = {
			isa = PBXSourcesBuildPhase;
			buildActionMask = 2147483647;
			files = (
				04EFA5781F1D04230007199F /* ViewController.swift in Sources */,
				04ACED0C1F3CB22C00E482FD /* InfoView.swift in Sources */,
				04ACED0F1F3CB22C00E482FD /* EditView.swift in Sources */,
				04ACED0D1F3CB22C00E482FD /* Shared.swift in Sources */,
				04ACED0E1F3CB22C00E482FD /* TableViewController.swift in Sources */,
				04ACED101F3CB22C00E482FD /* WorkoutsView.swift in Sources */,
				04EFA5761F1D04230007199F /* AppDelegate.swift in Sources */,
			);
			runOnlyForDeploymentPostprocessing = 0;
		};
		04EFA58F1F1D04240007199F /* Sources */ = {
			isa = PBXSourcesBuildPhase;
			buildActionMask = 2147483647;
			files = (
				04EFA59B1F1D04240007199F /* ExtensionDelegate.swift in Sources */,
				04842BFD1F4621A60006A7A0 /* WorkoutController.swift in Sources */,
				0480A3311F43528000A83BAA /* TableRowController.swift in Sources */,
				04EFA5991F1D04240007199F /* InterfaceController.swift in Sources */,
			);
			runOnlyForDeploymentPostprocessing = 0;
		};
/* End PBXSourcesBuildPhase section */

/* Begin PBXTargetDependency section */
		04EFA5871F1D04240007199F /* PBXTargetDependency */ = {
			isa = PBXTargetDependency;
			target = 04EFA5831F1D04240007199F /* igMadWorkout WatchKit App */;
			targetProxy = 04EFA5861F1D04240007199F /* PBXContainerItemProxy */;
		};
		04EFA5961F1D04240007199F /* PBXTargetDependency */ = {
			isa = PBXTargetDependency;
			target = 04EFA5921F1D04240007199F /* igMadWorkout WatchKit Extension */;
			targetProxy = 04EFA5951F1D04240007199F /* PBXContainerItemProxy */;
		};
/* End PBXTargetDependency section */

/* Begin PBXVariantGroup section */
		04EFA5891F1D04240007199F /* Interface.storyboard */ = {
			isa = PBXVariantGroup;
			children = (
				04EFA58A1F1D04240007199F /* Base */,
			);
			name = Interface.storyboard;
			sourceTree = "<group>";
		};
/* End PBXVariantGroup section */

/* Begin XCBuildConfiguration section */
		04EFA59F1F1D04240007199F /* Debug */ = {
			isa = XCBuildConfiguration;
			buildSettings = {
				ALWAYS_SEARCH_USER_PATHS = NO;
				CLANG_ANALYZER_NONNULL = YES;
				CLANG_ANALYZER_NUMBER_OBJECT_CONVERSION = YES_AGGRESSIVE;
				CLANG_CXX_LANGUAGE_STANDARD = "gnu++0x";
				CLANG_CXX_LIBRARY = "libc++";
				CLANG_ENABLE_MODULES = YES;
				CLANG_ENABLE_OBJC_ARC = YES;
				CLANG_WARN_BOOL_CONVERSION = YES;
				CLANG_WARN_CONSTANT_CONVERSION = YES;
				CLANG_WARN_DIRECT_OBJC_ISA_USAGE = YES_ERROR;
				CLANG_WARN_DOCUMENTATION_COMMENTS = YES;
				CLANG_WARN_EMPTY_BODY = YES;
				CLANG_WARN_ENUM_CONVERSION = YES;
				CLANG_WARN_INFINITE_RECURSION = YES;
				CLANG_WARN_INT_CONVERSION = YES;
				CLANG_WARN_OBJC_ROOT_CLASS = YES_ERROR;
				CLANG_WARN_SUSPICIOUS_MOVE = YES;
				CLANG_WARN_UNREACHABLE_CODE = YES;
				CLANG_WARN__DUPLICATE_METHOD_MATCH = YES;
				"CODE_SIGN_IDENTITY[sdk=iphoneos*]" = "iPhone Developer";
				COPY_PHASE_STRIP = NO;
				DEBUG_INFORMATION_FORMAT = dwarf;
				ENABLE_STRICT_OBJC_MSGSEND = YES;
				ENABLE_TESTABILITY = YES;
				GCC_C_LANGUAGE_STANDARD = gnu99;
				GCC_DYNAMIC_NO_PIC = NO;
				GCC_NO_COMMON_BLOCKS = YES;
				GCC_OPTIMIZATION_LEVEL = 0;
				GCC_PREPROCESSOR_DEFINITIONS = (
					"DEBUG=1",
					"$(inherited)",
				);
				GCC_WARN_64_TO_32_BIT_CONVERSION = YES;
				GCC_WARN_ABOUT_RETURN_TYPE = YES_ERROR;
				GCC_WARN_UNDECLARED_SELECTOR = YES;
				GCC_WARN_UNINITIALIZED_AUTOS = YES_AGGRESSIVE;
				GCC_WARN_UNUSED_FUNCTION = YES;
				GCC_WARN_UNUSED_VARIABLE = YES;
				IPHONEOS_DEPLOYMENT_TARGET = 10.3;
				MTL_ENABLE_DEBUG_INFO = YES;
				ONLY_ACTIVE_ARCH = YES;
				SDKROOT = iphoneos;
				SWIFT_ACTIVE_COMPILATION_CONDITIONS = DEBUG;
				SWIFT_OPTIMIZATION_LEVEL = "-Onone";
				TARGETED_DEVICE_FAMILY = "1,2";
			};
			name = Debug;
		};
		04EFA5A01F1D04240007199F /* Release */ = {
			isa = XCBuildConfiguration;
			buildSettings = {
				ALWAYS_SEARCH_USER_PATHS = NO;
				CLANG_ANALYZER_NONNULL = YES;
				CLANG_ANALYZER_NUMBER_OBJECT_CONVERSION = YES_AGGRESSIVE;
				CLANG_CXX_LANGUAGE_STANDARD = "gnu++0x";
				CLANG_CXX_LIBRARY = "libc++";
				CLANG_ENABLE_MODULES = YES;
				CLANG_ENABLE_OBJC_ARC = YES;
				CLANG_WARN_BOOL_CONVERSION = YES;
				CLANG_WARN_CONSTANT_CONVERSION = YES;
				CLANG_WARN_DIRECT_OBJC_ISA_USAGE = YES_ERROR;
				CLANG_WARN_DOCUMENTATION_COMMENTS = YES;
				CLANG_WARN_EMPTY_BODY = YES;
				CLANG_WARN_ENUM_CONVERSION = YES;
				CLANG_WARN_INFINITE_RECURSION = YES;
				CLANG_WARN_INT_CONVERSION = YES;
				CLANG_WARN_OBJC_ROOT_CLASS = YES_ERROR;
				CLANG_WARN_SUSPICIOUS_MOVE = YES;
				CLANG_WARN_UNREACHABLE_CODE = YES;
				CLANG_WARN__DUPLICATE_METHOD_MATCH = YES;
				"CODE_SIGN_IDENTITY[sdk=iphoneos*]" = "iPhone Developer";
				COPY_PHASE_STRIP = NO;
				DEBUG_INFORMATION_FORMAT = "dwarf-with-dsym";
				ENABLE_NS_ASSERTIONS = NO;
				ENABLE_STRICT_OBJC_MSGSEND = YES;
				GCC_C_LANGUAGE_STANDARD = gnu99;
				GCC_NO_COMMON_BLOCKS = YES;
				GCC_WARN_64_TO_32_BIT_CONVERSION = YES;
				GCC_WARN_ABOUT_RETURN_TYPE = YES_ERROR;
				GCC_WARN_UNDECLARED_SELECTOR = YES;
				GCC_WARN_UNINITIALIZED_AUTOS = YES_AGGRESSIVE;
				GCC_WARN_UNUSED_FUNCTION = YES;
				GCC_WARN_UNUSED_VARIABLE = YES;
				IPHONEOS_DEPLOYMENT_TARGET = 10.3;
				MTL_ENABLE_DEBUG_INFO = NO;
				SDKROOT = iphoneos;
				SWIFT_OPTIMIZATION_LEVEL = "-Owholemodule";
				TARGETED_DEVICE_FAMILY = "1,2";
				VALIDATE_PRODUCT = YES;
			};
			name = Release;
		};
		04EFA5A21F1D04240007199F /* Debug */ = {
			isa = XCBuildConfiguration;
			buildSettings = {
				ASSETCATALOG_COMPILER_COMPLICATION_NAME = Complication;
				INFOPLIST_FILE = "igMadWorkout WatchKit Extension/Info.plist";
				LD_RUNPATH_SEARCH_PATHS = "$(inherited) @executable_path/Frameworks @executable_path/../../Frameworks";
				PRODUCT_BUNDLE_IDENTIFIER = con.sabrinaOuldyounes.igMadWorkout.watchkitapp.watchkitextension;
				PRODUCT_NAME = "${TARGET_NAME}";
				SDKROOT = watchos;
				SKIP_INSTALL = YES;
				SWIFT_VERSION = 3.0;
				TARGETED_DEVICE_FAMILY = 4;
				WATCHOS_DEPLOYMENT_TARGET = 3.2;
			};
			name = Debug;
		};
		04EFA5A31F1D04240007199F /* Release */ = {
			isa = XCBuildConfiguration;
			buildSettings = {
				ASSETCATALOG_COMPILER_COMPLICATION_NAME = Complication;
				INFOPLIST_FILE = "igMadWorkout WatchKit Extension/Info.plist";
				LD_RUNPATH_SEARCH_PATHS = "$(inherited) @executable_path/Frameworks @executable_path/../../Frameworks";
				PRODUCT_BUNDLE_IDENTIFIER = con.sabrinaOuldyounes.igMadWorkout.watchkitapp.watchkitextension;
				PRODUCT_NAME = "${TARGET_NAME}";
				SDKROOT = watchos;
				SKIP_INSTALL = YES;
				SWIFT_VERSION = 3.0;
				TARGETED_DEVICE_FAMILY = 4;
				WATCHOS_DEPLOYMENT_TARGET = 3.2;
			};
			name = Release;
		};
		04EFA5A61F1D04240007199F /* Debug */ = {
			isa = XCBuildConfiguration;
			buildSettings = {
				ALWAYS_EMBED_SWIFT_STANDARD_LIBRARIES = YES;
				ASSETCATALOG_COMPILER_APPICON_NAME = AppIcon;
				IBSC_MODULE = igMadWorkout_WatchKit_Extension;
				INFOPLIST_FILE = "igMadWorkout WatchKit App/Info.plist";
				PRODUCT_BUNDLE_IDENTIFIER = con.sabrinaOuldyounes.igMadWorkout.watchkitapp;
				PRODUCT_NAME = "$(TARGET_NAME)";
				SDKROOT = watchos;
				SKIP_INSTALL = YES;
				SWIFT_VERSION = 3.0;
				TARGETED_DEVICE_FAMILY = 4;
				WATCHOS_DEPLOYMENT_TARGET = 3.2;
			};
			name = Debug;
		};
		04EFA5A71F1D04240007199F /* Release */ = {
			isa = XCBuildConfiguration;
			buildSettings = {
				ALWAYS_EMBED_SWIFT_STANDARD_LIBRARIES = YES;
				ASSETCATALOG_COMPILER_APPICON_NAME = AppIcon;
				IBSC_MODULE = igMadWorkout_WatchKit_Extension;
				INFOPLIST_FILE = "igMadWorkout WatchKit App/Info.plist";
				PRODUCT_BUNDLE_IDENTIFIER = con.sabrinaOuldyounes.igMadWorkout.watchkitapp;
				PRODUCT_NAME = "$(TARGET_NAME)";
				SDKROOT = watchos;
				SKIP_INSTALL = YES;
				SWIFT_VERSION = 3.0;
				TARGETED_DEVICE_FAMILY = 4;
				WATCHOS_DEPLOYMENT_TARGET = 3.2;
			};
			name = Release;
		};
		04EFA5AA1F1D04240007199F /* Debug */ = {
			isa = XCBuildConfiguration;
			buildSettings = {
				ASSETCATALOG_COMPILER_APPICON_NAME = AppIcon;
				DEVELOPMENT_TEAM = "";
				INFOPLIST_FILE = igMadWorkout/Info.plist;
				LD_RUNPATH_SEARCH_PATHS = "$(inherited) @executable_path/Frameworks";
				PRODUCT_BUNDLE_IDENTIFIER = con.sabrinaOuldyounes.igMadWorkout;
				PRODUCT_NAME = "$(TARGET_NAME)";
				SWIFT_VERSION = 3.0;
			};
			name = Debug;
		};
		04EFA5AB1F1D04240007199F /* Release */ = {
			isa = XCBuildConfiguration;
			buildSettings = {
				ASSETCATALOG_COMPILER_APPICON_NAME = AppIcon;
				DEVELOPMENT_TEAM = "";
				INFOPLIST_FILE = igMadWorkout/Info.plist;
				LD_RUNPATH_SEARCH_PATHS = "$(inherited) @executable_path/Frameworks";
				PRODUCT_BUNDLE_IDENTIFIER = con.sabrinaOuldyounes.igMadWorkout;
				PRODUCT_NAME = "$(TARGET_NAME)";
				SWIFT_VERSION = 3.0;
			};
			name = Release;
		};
/* End XCBuildConfiguration section */

/* Begin XCConfigurationList section */
		04EFA56D1F1D04230007199F /* Build configuration list for PBXProject "igMadWorkout" */ = {
			isa = XCConfigurationList;
			buildConfigurations = (
				04EFA59F1F1D04240007199F /* Debug */,
				04EFA5A01F1D04240007199F /* Release */,
			);
			defaultConfigurationIsVisible = 0;
			defaultConfigurationName = Release;
		};
		04EFA5A11F1D04240007199F /* Build configuration list for PBXNativeTarget "igMadWorkout WatchKit Extension" */ = {
			isa = XCConfigurationList;
			buildConfigurations = (
				04EFA5A21F1D04240007199F /* Debug */,
				04EFA5A31F1D04240007199F /* Release */,
			);
			defaultConfigurationIsVisible = 0;
			defaultConfigurationName = Release;
		};
		04EFA5A51F1D04240007199F /* Build configuration list for PBXNativeTarget "igMadWorkout WatchKit App" */ = {
			isa = XCConfigurationList;
			buildConfigurations = (
				04EFA5A61F1D04240007199F /* Debug */,
				04EFA5A71F1D04240007199F /* Release */,
			);
			defaultConfigurationIsVisible = 0;
			defaultConfigurationName = Release;
		};
		04EFA5A91F1D04240007199F /* Build configuration list for PBXNativeTarget "igMadWorkout" */ = {
			isa = XCConfigurationList;
			buildConfigurations = (
				04EFA5AA1F1D04240007199F /* Debug */,
				04EFA5AB1F1D04240007199F /* Release */,
			);
			defaultConfigurationIsVisible = 0;
			defaultConfigurationName = Release;
		};
/* End XCConfigurationList section */
	};
	rootObject = 04EFA56A1F1D04230007199F /* Project object */;
}
